
Microsoft Visual Studio Solution File, Format Version 12.00
# Visual Studio Version 16
VisualStudioVersion = 16.0.30621.155
MinimumVisualStudioVersion = 10.0.40219.1
Project("{FAE04EC0-301F-11D3-BF4B-00C04F79EFBC}") = "LAB8Q2", "LAB8Q2.csproj", "{995E649B-2A97-44F5-BA6A-37DF3C2F433C}"
EndProject
Global
	GlobalSection(SolutionConfigurationPlatforms) = preSolution
		Debug|Any CPU = Debug|Any CPU
		Release|Any CPU = Release|Any CPU
	EndGlobalSection
	GlobalSection(ProjectConfigurationPlatforms) = postSolution
		{995E649B-2A97-44F5-BA6A-37DF3C2F433C}.Debug|Any CPU.ActiveCfg = Debug|Any CPU
		{995E649B-2A97-44F5-BA6A-37DF3C2F433C}.Debug|Any CPU.Build.0 = Debug|Any CPU
		{995E649B-2A97-44F5-BA6A-37DF3C2F433C}.Release|Any CPU.ActiveCfg = Release|Any CPU
		{995E649B-2A97-44F5-BA6A-37DF3C2F433C}.Release|Any CPU.Build.0 = Release|Any CPU
	EndGlobalSection
	GlobalSection(SolutionProperties) = preSolution
		HideSolutionNode = FALSE
	EndGlobalSection
	GlobalSection(ExtensibilityGlobals) = postSolution
		SolutionGuid = {F174CB5B-B3C6-4698-B51D-7E67831B419C}
	EndGlobalSection
EndGlobal
