
Microsoft Visual Studio Solution File, Format Version 12.00
# Visual Studio Version 16
VisualStudioVersion = 16.0.808.0
MinimumVisualStudioVersion = 10.0.40219.1
Project("{FAE04EC0-301F-11D3-BF4B-00C04F79EFBC}") = "magazineCover", "magazineCover\magazineCover.csproj", "{8CF09577-F410-4444-B078-2F8AC3175D99}"
EndProject
Project("{FAE04EC0-301F-11D3-BF4B-00C04F79EFBC}") = "magazineCover.Tests", "magazineCover.Tests\magazineCover.Tests.csproj", "{9E0C16B6-6618-4429-8147-C1132093DB81}"
EndProject
Global
	GlobalSection(SolutionConfigurationPlatforms) = preSolution
		Debug|Any CPU = Debug|Any CPU
		Release|Any CPU = Release|Any CPU
	EndGlobalSection
	GlobalSection(ProjectConfigurationPlatforms) = postSolution
		{8CF09577-F410-4444-B078-2F8AC3175D99}.Debug|Any CPU.ActiveCfg = Debug|Any CPU
		{8CF09577-F410-4444-B078-2F8AC3175D99}.Debug|Any CPU.Build.0 = Debug|Any CPU
		{8CF09577-F410-4444-B078-2F8AC3175D99}.Release|Any CPU.ActiveCfg = Release|Any CPU
		{8CF09577-F410-4444-B078-2F8AC3175D99}.Release|Any CPU.Build.0 = Release|Any CPU
		{9E0C16B6-6618-4429-8147-C1132093DB81}.Debug|Any CPU.ActiveCfg = Debug|Any CPU
		{9E0C16B6-6618-4429-8147-C1132093DB81}.Debug|Any CPU.Build.0 = Debug|Any CPU
		{9E0C16B6-6618-4429-8147-C1132093DB81}.Release|Any CPU.ActiveCfg = Release|Any CPU
		{9E0C16B6-6618-4429-8147-C1132093DB81}.Release|Any CPU.Build.0 = Release|Any CPU
	EndGlobalSection
	GlobalSection(SolutionProperties) = preSolution
		HideSolutionNode = FALSE
	EndGlobalSection
	GlobalSection(ExtensibilityGlobals) = postSolution
		SolutionGuid = {F4125A71-52A8-45C6-9B0A-ABF828759358}
	EndGlobalSection
EndGlobal
